
Microsoft Visual Studio Solution File, Format Version 12.00
# Visual Studio Version 17
VisualStudioVersion = 17.9.34714.143
MinimumVisualStudioVersion = 10.0.40219.1
Project("{FAE04EC0-301F-11D3-BF4B-00C04F79EFBC}") = "sinema-proje", "sinema-proje\sinema-proje.csproj", "{97699EB0-4C32-4527-B7B5-B00C4F962C22}"
EndProject
Global
	GlobalSection(SolutionConfigurationPlatforms) = preSolution
		Debug|Any CPU = Debug|Any CPU
		Release|Any CPU = Release|Any CPU
	EndGlobalSection
	GlobalSection(ProjectConfigurationPlatforms) = postSolution
		{97699EB0-4C32-4527-B7B5-B00C4F962C22}.Debug|Any CPU.ActiveCfg = Debug|Any CPU
		{97699EB0-4C32-4527-B7B5-B00C4F962C22}.Debug|Any CPU.Build.0 = Debug|Any CPU
		{97699EB0-4C32-4527-B7B5-B00C4F962C22}.Release|Any CPU.ActiveCfg = Release|Any CPU
		{97699EB0-4C32-4527-B7B5-B00C4F962C22}.Release|Any CPU.Build.0 = Release|Any CPU
	EndGlobalSection
	GlobalSection(SolutionProperties) = preSolution
		HideSolutionNode = FALSE
	EndGlobalSection
	GlobalSection(ExtensibilityGlobals) = postSolution
		SolutionGuid = {2938A360-3F5F-4B54-A7C4-6073FCA9CDC1}
	EndGlobalSection
EndGlobal
